// !$*UTF8*$!
{
	archiveVersion = 1;
	classes = {
	};
	objectVersion = 51;
	objects = {

/* Begin PBXBuildFile section */
		28C673A4C9D5F86424CD8218 /* Pods_fbu_project.framework in Frameworks */ = {isa = PBXBuildFile; fileRef = EC0A550F289E6F8ED25062A4 /* Pods_fbu_project.framework */; };
		3B2F7733269F43C300BB7F4B /* MessageUI.framework in Frameworks */ = {isa = PBXBuildFile; fileRef = 3B2F7732269F43C300BB7F4B /* MessageUI.framework */; };
		3B2F7736269F441600BB7F4B /* ChatViewController.m in Sources */ = {isa = PBXBuildFile; fileRef = 3B2F7735269F441600BB7F4B /* ChatViewController.m */; };
		3B2F7739269F47B900BB7F4B /* MessageCollectionViewCell.m in Sources */ = {isa = PBXBuildFile; fileRef = 3B2F7738269F47B900BB7F4B /* MessageCollectionViewCell.m */; };
		3B2F773F269F76DB00BB7F4B /* MatchesViewController.m in Sources */ = {isa = PBXBuildFile; fileRef = 3B2F773E269F76DB00BB7F4B /* MatchesViewController.m */; };
		3B2F7748269F7DD500BB7F4B /* CommonQueries.m in Sources */ = {isa = PBXBuildFile; fileRef = 3B2F7747269F7DD500BB7F4B /* CommonQueries.m */; };
		3B4BB279269CC98700E5F692 /* AppDelegate.m in Sources */ = {isa = PBXBuildFile; fileRef = 3B4BB278269CC98700E5F692 /* AppDelegate.m */; };
		3B4BB27C269CC98700E5F692 /* SceneDelegate.m in Sources */ = {isa = PBXBuildFile; fileRef = 3B4BB27B269CC98700E5F692 /* SceneDelegate.m */; };
		3B4BB282269CC98700E5F692 /* Main.storyboard in Resources */ = {isa = PBXBuildFile; fileRef = 3B4BB280269CC98700E5F692 /* Main.storyboard */; };
		3B4BB284269CC98800E5F692 /* Assets.xcassets in Resources */ = {isa = PBXBuildFile; fileRef = 3B4BB283269CC98800E5F692 /* Assets.xcassets */; };
		3B4BB287269CC98800E5F692 /* LaunchScreen.storyboard in Resources */ = {isa = PBXBuildFile; fileRef = 3B4BB285269CC98800E5F692 /* LaunchScreen.storyboard */; };
		3B4BB28A269CC98800E5F692 /* main.m in Sources */ = {isa = PBXBuildFile; fileRef = 3B4BB289269CC98800E5F692 /* main.m */; };
		3B4BB294269CC98800E5F692 /* fbu_projectTests.m in Sources */ = {isa = PBXBuildFile; fileRef = 3B4BB293269CC98800E5F692 /* fbu_projectTests.m */; };
		3B4BB29F269CC98800E5F692 /* fbu_projectUITests.m in Sources */ = {isa = PBXBuildFile; fileRef = 3B4BB29E269CC98800E5F692 /* fbu_projectUITests.m */; };
		3BB126F6269CEA3F006444E4 /* CardsViewController.m in Sources */ = {isa = PBXBuildFile; fileRef = 3BB126F5269CEA3F006444E4 /* CardsViewController.m */; };
		3BB126F9269CEA6B006444E4 /* DraggableViewBackground.m in Sources */ = {isa = PBXBuildFile; fileRef = 3BB126F8269CEA6B006444E4 /* DraggableViewBackground.m */; };
		3BB126FC269CEA7E006444E4 /* DraggableView.m in Sources */ = {isa = PBXBuildFile; fileRef = 3BB126FB269CEA7E006444E4 /* DraggableView.m */; };
		3BB126FF269CEA8E006444E4 /* OverlayView.m in Sources */ = {isa = PBXBuildFile; fileRef = 3BB126FE269CEA8E006444E4 /* OverlayView.m */; };
		3BB12703269CF119006444E4 /* Keys.plist in Resources */ = {isa = PBXBuildFile; fileRef = 3BB12702269CF119006444E4 /* Keys.plist */; };
		3BB12706269CF2A4006444E4 /* AuthenticationViewController.m in Sources */ = {isa = PBXBuildFile; fileRef = 3BB12705269CF2A4006444E4 /* AuthenticationViewController.m */; };
		3BB12709269CFD12006444E4 /* ProfileViewController.m in Sources */ = {isa = PBXBuildFile; fileRef = 3BB12708269CFD12006444E4 /* ProfileViewController.m */; };
		3BB1270C269D008B006444E4 /* AudioRecorderViewController.m in Sources */ = {isa = PBXBuildFile; fileRef = 3BB1270B269D008B006444E4 /* AudioRecorderViewController.m */; };
		3BCC85A0269E41D60083F1F1 /* CustomDraggableView.m in Sources */ = {isa = PBXBuildFile; fileRef = 3BCC859F269E41D60083F1F1 /* CustomDraggableView.m */; };
		3BCC85A3269E42190083F1F1 /* CustomDraggableViewBackground.m in Sources */ = {isa = PBXBuildFile; fileRef = 3BCC85A2269E42190083F1F1 /* CustomDraggableViewBackground.m */; };
		3BCC85A6269E551D0083F1F1 /* Like.m in Sources */ = {isa = PBXBuildFile; fileRef = 3BCC85A5269E551D0083F1F1 /* Like.m */; };
		3BCC85A9269E61450083F1F1 /* UnLike.m in Sources */ = {isa = PBXBuildFile; fileRef = 3BCC85A8269E61450083F1F1 /* UnLike.m */; };
		4ED1297FBAF7783CF2DE63E4 /* Pods_fbu_projectTests.framework in Frameworks */ = {isa = PBXBuildFile; fileRef = DD43F2627CFA3486FC348D61 /* Pods_fbu_projectTests.framework */; };
		AB9A5B5E194CF3EE5B1C4E05 /* Pods_fbu_project_fbu_projectUITests.framework in Frameworks */ = {isa = PBXBuildFile; fileRef = DE775FC19EF719FF43016137 /* Pods_fbu_project_fbu_projectUITests.framework */; };
/* End PBXBuildFile section */

/* Begin PBXContainerItemProxy section */
		3B4BB290269CC98800E5F692 /* PBXContainerItemProxy */ = {
			isa = PBXContainerItemProxy;
			containerPortal = 3B4BB26C269CC98700E5F692 /* Project object */;
			proxyType = 1;
			remoteGlobalIDString = 3B4BB273269CC98700E5F692;
			remoteInfo = "fbu-project";
		};
		3B4BB29B269CC98800E5F692 /* PBXContainerItemProxy */ = {
			isa = PBXContainerItemProxy;
			containerPortal = 3B4BB26C269CC98700E5F692 /* Project object */;
			proxyType = 1;
			remoteGlobalIDString = 3B4BB273269CC98700E5F692;
			remoteInfo = "fbu-project";
		};
/* End PBXContainerItemProxy section */

/* Begin PBXFileReference section */
		024F8DC8150730B04A13C684 /* Pods-fbu-project.release.xcconfig */ = {isa = PBXFileReference; includeInIndex = 1; lastKnownFileType = text.xcconfig; name = "Pods-fbu-project.release.xcconfig"; path = "Target Support Files/Pods-fbu-project/Pods-fbu-project.release.xcconfig"; sourceTree = "<group>"; };
		16CB7359656FB7EE4CBCEB8C /* Pods-fbu-project-fbu-projectUITests.release.xcconfig */ = {isa = PBXFileReference; includeInIndex = 1; lastKnownFileType = text.xcconfig; name = "Pods-fbu-project-fbu-projectUITests.release.xcconfig"; path = "Target Support Files/Pods-fbu-project-fbu-projectUITests/Pods-fbu-project-fbu-projectUITests.release.xcconfig"; sourceTree = "<group>"; };
		3B2F7732269F43C300BB7F4B /* MessageUI.framework */ = {isa = PBXFileReference; lastKnownFileType = wrapper.framework; name = MessageUI.framework; path = System/Library/Frameworks/MessageUI.framework; sourceTree = SDKROOT; };
		3B2F7734269F441600BB7F4B /* ChatViewController.h */ = {isa = PBXFileReference; lastKnownFileType = sourcecode.c.h; path = ChatViewController.h; sourceTree = "<group>"; };
		3B2F7735269F441600BB7F4B /* ChatViewController.m */ = {isa = PBXFileReference; lastKnownFileType = sourcecode.c.objc; path = ChatViewController.m; sourceTree = "<group>"; };
		3B2F7737269F47B900BB7F4B /* MessageCollectionViewCell.h */ = {isa = PBXFileReference; lastKnownFileType = sourcecode.c.h; path = MessageCollectionViewCell.h; sourceTree = "<group>"; };
		3B2F7738269F47B900BB7F4B /* MessageCollectionViewCell.m */ = {isa = PBXFileReference; lastKnownFileType = sourcecode.c.objc; path = MessageCollectionViewCell.m; sourceTree = "<group>"; };
		3B2F773D269F76DB00BB7F4B /* MatchesViewController.h */ = {isa = PBXFileReference; lastKnownFileType = sourcecode.c.h; path = MatchesViewController.h; sourceTree = "<group>"; };
		3B2F773E269F76DB00BB7F4B /* MatchesViewController.m */ = {isa = PBXFileReference; lastKnownFileType = sourcecode.c.objc; path = MatchesViewController.m; sourceTree = "<group>"; };
		3B2F7746269F7DD500BB7F4B /* CommonQueries.h */ = {isa = PBXFileReference; lastKnownFileType = sourcecode.c.h; path = CommonQueries.h; sourceTree = "<group>"; };
		3B2F7747269F7DD500BB7F4B /* CommonQueries.m */ = {isa = PBXFileReference; lastKnownFileType = sourcecode.c.objc; path = CommonQueries.m; sourceTree = "<group>"; };
		3B4BB274269CC98700E5F692 /* fbu-project.app */ = {isa = PBXFileReference; explicitFileType = wrapper.application; includeInIndex = 0; path = "fbu-project.app"; sourceTree = BUILT_PRODUCTS_DIR; };
		3B4BB277269CC98700E5F692 /* AppDelegate.h */ = {isa = PBXFileReference; lastKnownFileType = sourcecode.c.h; path = AppDelegate.h; sourceTree = "<group>"; };
		3B4BB278269CC98700E5F692 /* AppDelegate.m */ = {isa = PBXFileReference; lastKnownFileType = sourcecode.c.objc; path = AppDelegate.m; sourceTree = "<group>"; };
		3B4BB27A269CC98700E5F692 /* SceneDelegate.h */ = {isa = PBXFileReference; lastKnownFileType = sourcecode.c.h; path = SceneDelegate.h; sourceTree = "<group>"; };
		3B4BB27B269CC98700E5F692 /* SceneDelegate.m */ = {isa = PBXFileReference; lastKnownFileType = sourcecode.c.objc; path = SceneDelegate.m; sourceTree = "<group>"; };
		3B4BB281269CC98700E5F692 /* Base */ = {isa = PBXFileReference; lastKnownFileType = file.storyboard; name = Base; path = Base.lproj/Main.storyboard; sourceTree = "<group>"; };
		3B4BB283269CC98800E5F692 /* Assets.xcassets */ = {isa = PBXFileReference; lastKnownFileType = folder.assetcatalog; path = Assets.xcassets; sourceTree = "<group>"; };
		3B4BB286269CC98800E5F692 /* Base */ = {isa = PBXFileReference; lastKnownFileType = file.storyboard; name = Base; path = Base.lproj/LaunchScreen.storyboard; sourceTree = "<group>"; };
		3B4BB288269CC98800E5F692 /* Info.plist */ = {isa = PBXFileReference; lastKnownFileType = text.plist.xml; path = Info.plist; sourceTree = "<group>"; };
		3B4BB289269CC98800E5F692 /* main.m */ = {isa = PBXFileReference; lastKnownFileType = sourcecode.c.objc; path = main.m; sourceTree = "<group>"; };
		3B4BB28F269CC98800E5F692 /* fbu-projectTests.xctest */ = {isa = PBXFileReference; explicitFileType = wrapper.cfbundle; includeInIndex = 0; path = "fbu-projectTests.xctest"; sourceTree = BUILT_PRODUCTS_DIR; };
		3B4BB293269CC98800E5F692 /* fbu_projectTests.m */ = {isa = PBXFileReference; lastKnownFileType = sourcecode.c.objc; path = fbu_projectTests.m; sourceTree = "<group>"; };
		3B4BB295269CC98800E5F692 /* Info.plist */ = {isa = PBXFileReference; lastKnownFileType = text.plist.xml; path = Info.plist; sourceTree = "<group>"; };
		3B4BB29A269CC98800E5F692 /* fbu-projectUITests.xctest */ = {isa = PBXFileReference; explicitFileType = wrapper.cfbundle; includeInIndex = 0; path = "fbu-projectUITests.xctest"; sourceTree = BUILT_PRODUCTS_DIR; };
		3B4BB29E269CC98800E5F692 /* fbu_projectUITests.m */ = {isa = PBXFileReference; lastKnownFileType = sourcecode.c.objc; path = fbu_projectUITests.m; sourceTree = "<group>"; };
		3B4BB2A0269CC98800E5F692 /* Info.plist */ = {isa = PBXFileReference; lastKnownFileType = text.plist.xml; path = Info.plist; sourceTree = "<group>"; };
		3BB126DC269CD3C7006444E4 /* fbu-project-Bridging-Header.h */ = {isa = PBXFileReference; lastKnownFileType = sourcecode.c.h; path = "fbu-project-Bridging-Header.h"; sourceTree = "<group>"; };
		3BB126F4269CEA3F006444E4 /* CardsViewController.h */ = {isa = PBXFileReference; lastKnownFileType = sourcecode.c.h; path = CardsViewController.h; sourceTree = "<group>"; };
		3BB126F5269CEA3F006444E4 /* CardsViewController.m */ = {isa = PBXFileReference; lastKnownFileType = sourcecode.c.objc; path = CardsViewController.m; sourceTree = "<group>"; };
		3BB126F7269CEA6B006444E4 /* DraggableViewBackground.h */ = {isa = PBXFileReference; lastKnownFileType = sourcecode.c.h; path = DraggableViewBackground.h; sourceTree = "<group>"; };
		3BB126F8269CEA6B006444E4 /* DraggableViewBackground.m */ = {isa = PBXFileReference; lastKnownFileType = sourcecode.c.objc; path = DraggableViewBackground.m; sourceTree = "<group>"; };
		3BB126FA269CEA7E006444E4 /* DraggableView.h */ = {isa = PBXFileReference; lastKnownFileType = sourcecode.c.h; path = DraggableView.h; sourceTree = "<group>"; };
		3BB126FB269CEA7E006444E4 /* DraggableView.m */ = {isa = PBXFileReference; lastKnownFileType = sourcecode.c.objc; path = DraggableView.m; sourceTree = "<group>"; };
		3BB126FD269CEA8E006444E4 /* OverlayView.h */ = {isa = PBXFileReference; lastKnownFileType = sourcecode.c.h; path = OverlayView.h; sourceTree = "<group>"; };
		3BB126FE269CEA8E006444E4 /* OverlayView.m */ = {isa = PBXFileReference; lastKnownFileType = sourcecode.c.objc; path = OverlayView.m; sourceTree = "<group>"; };
		3BB12702269CF119006444E4 /* Keys.plist */ = {isa = PBXFileReference; lastKnownFileType = text.plist.xml; path = Keys.plist; sourceTree = "<group>"; };
		3BB12704269CF2A4006444E4 /* AuthenticationViewController.h */ = {isa = PBXFileReference; lastKnownFileType = sourcecode.c.h; path = AuthenticationViewController.h; sourceTree = "<group>"; };
		3BB12705269CF2A4006444E4 /* AuthenticationViewController.m */ = {isa = PBXFileReference; lastKnownFileType = sourcecode.c.objc; path = AuthenticationViewController.m; sourceTree = "<group>"; };
		3BB12707269CFD12006444E4 /* ProfileViewController.h */ = {isa = PBXFileReference; lastKnownFileType = sourcecode.c.h; path = ProfileViewController.h; sourceTree = "<group>"; };
		3BB12708269CFD12006444E4 /* ProfileViewController.m */ = {isa = PBXFileReference; lastKnownFileType = sourcecode.c.objc; path = ProfileViewController.m; sourceTree = "<group>"; };
		3BB1270A269D008B006444E4 /* AudioRecorderViewController.h */ = {isa = PBXFileReference; lastKnownFileType = sourcecode.c.h; path = AudioRecorderViewController.h; sourceTree = "<group>"; };
		3BB1270B269D008B006444E4 /* AudioRecorderViewController.m */ = {isa = PBXFileReference; lastKnownFileType = sourcecode.c.objc; path = AudioRecorderViewController.m; sourceTree = "<group>"; };
		3BCC859E269E41D60083F1F1 /* CustomDraggableView.h */ = {isa = PBXFileReference; lastKnownFileType = sourcecode.c.h; path = CustomDraggableView.h; sourceTree = "<group>"; };
		3BCC859F269E41D60083F1F1 /* CustomDraggableView.m */ = {isa = PBXFileReference; lastKnownFileType = sourcecode.c.objc; path = CustomDraggableView.m; sourceTree = "<group>"; };
		3BCC85A1269E42190083F1F1 /* CustomDraggableViewBackground.h */ = {isa = PBXFileReference; lastKnownFileType = sourcecode.c.h; path = CustomDraggableViewBackground.h; sourceTree = "<group>"; };
		3BCC85A2269E42190083F1F1 /* CustomDraggableViewBackground.m */ = {isa = PBXFileReference; lastKnownFileType = sourcecode.c.objc; path = CustomDraggableViewBackground.m; sourceTree = "<group>"; };
		3BCC85A4269E551D0083F1F1 /* Like.h */ = {isa = PBXFileReference; lastKnownFileType = sourcecode.c.h; path = Like.h; sourceTree = "<group>"; };
		3BCC85A5269E551D0083F1F1 /* Like.m */ = {isa = PBXFileReference; lastKnownFileType = sourcecode.c.objc; path = Like.m; sourceTree = "<group>"; };
		3BCC85A7269E61450083F1F1 /* UnLike.h */ = {isa = PBXFileReference; lastKnownFileType = sourcecode.c.h; path = UnLike.h; sourceTree = "<group>"; };
		3BCC85A8269E61450083F1F1 /* UnLike.m */ = {isa = PBXFileReference; lastKnownFileType = sourcecode.c.objc; path = UnLike.m; sourceTree = "<group>"; };
		4DFFBC7BA6E690BD2E32EA74 /* Pods-fbu-project-fbu-projectUITests.debug.xcconfig */ = {isa = PBXFileReference; includeInIndex = 1; lastKnownFileType = text.xcconfig; name = "Pods-fbu-project-fbu-projectUITests.debug.xcconfig"; path = "Target Support Files/Pods-fbu-project-fbu-projectUITests/Pods-fbu-project-fbu-projectUITests.debug.xcconfig"; sourceTree = "<group>"; };
		5201BAA0F905BCB14125320F /* Pods-fbu-projectTests.debug.xcconfig */ = {isa = PBXFileReference; includeInIndex = 1; lastKnownFileType = text.xcconfig; name = "Pods-fbu-projectTests.debug.xcconfig"; path = "Target Support Files/Pods-fbu-projectTests/Pods-fbu-projectTests.debug.xcconfig"; sourceTree = "<group>"; };
		80B327F9D8CE82AEFACEDF74 /* Pods-fbu-projectTests.release.xcconfig */ = {isa = PBXFileReference; includeInIndex = 1; lastKnownFileType = text.xcconfig; name = "Pods-fbu-projectTests.release.xcconfig"; path = "Target Support Files/Pods-fbu-projectTests/Pods-fbu-projectTests.release.xcconfig"; sourceTree = "<group>"; };
		DD43F2627CFA3486FC348D61 /* Pods_fbu_projectTests.framework */ = {isa = PBXFileReference; explicitFileType = wrapper.framework; includeInIndex = 0; path = Pods_fbu_projectTests.framework; sourceTree = BUILT_PRODUCTS_DIR; };
		DE775FC19EF719FF43016137 /* Pods_fbu_project_fbu_projectUITests.framework */ = {isa = PBXFileReference; explicitFileType = wrapper.framework; includeInIndex = 0; path = Pods_fbu_project_fbu_projectUITests.framework; sourceTree = BUILT_PRODUCTS_DIR; };
		EC0A550F289E6F8ED25062A4 /* Pods_fbu_project.framework */ = {isa = PBXFileReference; explicitFileType = wrapper.framework; includeInIndex = 0; path = Pods_fbu_project.framework; sourceTree = BUILT_PRODUCTS_DIR; };
		EFFAE2BE4A34978F6D783B07 /* Pods-fbu-project.debug.xcconfig */ = {isa = PBXFileReference; includeInIndex = 1; lastKnownFileType = text.xcconfig; name = "Pods-fbu-project.debug.xcconfig"; path = "Target Support Files/Pods-fbu-project/Pods-fbu-project.debug.xcconfig"; sourceTree = "<group>"; };
/* End PBXFileReference section */

/* Begin PBXFrameworksBuildPhase section */
		3B4BB271269CC98700E5F692 /* Frameworks */ = {
			isa = PBXFrameworksBuildPhase;
			buildActionMask = 2147483647;
			files = (
				3B2F7733269F43C300BB7F4B /* MessageUI.framework in Frameworks */,
				28C673A4C9D5F86424CD8218 /* Pods_fbu_project.framework in Frameworks */,
			);
			runOnlyForDeploymentPostprocessing = 0;
		};
		3B4BB28C269CC98800E5F692 /* Frameworks */ = {
			isa = PBXFrameworksBuildPhase;
			buildActionMask = 2147483647;
			files = (
				4ED1297FBAF7783CF2DE63E4 /* Pods_fbu_projectTests.framework in Frameworks */,
			);
			runOnlyForDeploymentPostprocessing = 0;
		};
		3B4BB297269CC98800E5F692 /* Frameworks */ = {
			isa = PBXFrameworksBuildPhase;
			buildActionMask = 2147483647;
			files = (
				AB9A5B5E194CF3EE5B1C4E05 /* Pods_fbu_project_fbu_projectUITests.framework in Frameworks */,
			);
			runOnlyForDeploymentPostprocessing = 0;
		};
/* End PBXFrameworksBuildPhase section */

/* Begin PBXGroup section */
		3B4BB26B269CC98700E5F692 = {
			isa = PBXGroup;
			children = (
				3B4BB276269CC98700E5F692 /* fbu-project */,
				3B4BB292269CC98800E5F692 /* fbu-projectTests */,
				3B4BB29D269CC98800E5F692 /* fbu-projectUITests */,
				3B4BB275269CC98700E5F692 /* Products */,
				7D5E161615907C82CACBDF87 /* Pods */,
				A667211F5783930463835B26 /* Frameworks */,
			);
			sourceTree = "<group>";
		};
		3B4BB275269CC98700E5F692 /* Products */ = {
			isa = PBXGroup;
			children = (
				3B4BB274269CC98700E5F692 /* fbu-project.app */,
				3B4BB28F269CC98800E5F692 /* fbu-projectTests.xctest */,
				3B4BB29A269CC98800E5F692 /* fbu-projectUITests.xctest */,
			);
			name = Products;
			sourceTree = "<group>";
		};
		3B4BB276269CC98700E5F692 /* fbu-project */ = {
			isa = PBXGroup;
			children = (
				3BCC8597269E03810083F1F1 /* Utility */,
				3BB126E1269CD483006444E4 /* Views */,
				3BB126E0269CD474006444E4 /* ViewControllers */,
				3BB126DF269CD459006444E4 /* Models */,
				3B4BB277269CC98700E5F692 /* AppDelegate.h */,
				3B4BB278269CC98700E5F692 /* AppDelegate.m */,
				3B4BB27A269CC98700E5F692 /* SceneDelegate.h */,
				3B4BB27B269CC98700E5F692 /* SceneDelegate.m */,
				3B4BB280269CC98700E5F692 /* Main.storyboard */,
				3B4BB283269CC98800E5F692 /* Assets.xcassets */,
				3B4BB285269CC98800E5F692 /* LaunchScreen.storyboard */,
				3B4BB288269CC98800E5F692 /* Info.plist */,
				3B4BB289269CC98800E5F692 /* main.m */,
				3BB126DC269CD3C7006444E4 /* fbu-project-Bridging-Header.h */,
				3BB12702269CF119006444E4 /* Keys.plist */,
			);
			path = "fbu-project";
			sourceTree = "<group>";
		};
		3B4BB292269CC98800E5F692 /* fbu-projectTests */ = {
			isa = PBXGroup;
			children = (
				3B4BB293269CC98800E5F692 /* fbu_projectTests.m */,
				3B4BB295269CC98800E5F692 /* Info.plist */,
			);
			path = "fbu-projectTests";
			sourceTree = "<group>";
		};
		3B4BB29D269CC98800E5F692 /* fbu-projectUITests */ = {
			isa = PBXGroup;
			children = (
				3B4BB29E269CC98800E5F692 /* fbu_projectUITests.m */,
				3B4BB2A0269CC98800E5F692 /* Info.plist */,
			);
			path = "fbu-projectUITests";
			sourceTree = "<group>";
		};
		3BB126DF269CD459006444E4 /* Models */ = {
			isa = PBXGroup;
			children = (
				3BCC85A4269E551D0083F1F1 /* Like.h */,
				3BCC85A5269E551D0083F1F1 /* Like.m */,
				3BCC85A7269E61450083F1F1 /* UnLike.h */,
				3BCC85A8269E61450083F1F1 /* UnLike.m */,
			);
			path = Models;
			sourceTree = "<group>";
		};
		3BB126E0269CD474006444E4 /* ViewControllers */ = {
			isa = PBXGroup;
			children = (
				3BB126F4269CEA3F006444E4 /* CardsViewController.h */,
				3BB126F5269CEA3F006444E4 /* CardsViewController.m */,
				3BB12704269CF2A4006444E4 /* AuthenticationViewController.h */,
				3BB12705269CF2A4006444E4 /* AuthenticationViewController.m */,
				3BB12707269CFD12006444E4 /* ProfileViewController.h */,
				3BB12708269CFD12006444E4 /* ProfileViewController.m */,
				3BB1270A269D008B006444E4 /* AudioRecorderViewController.h */,
				3BB1270B269D008B006444E4 /* AudioRecorderViewController.m */,
				3B2F7734269F441600BB7F4B /* ChatViewController.h */,
				3B2F7735269F441600BB7F4B /* ChatViewController.m */,
				3B2F773D269F76DB00BB7F4B /* MatchesViewController.h */,
				3B2F773E269F76DB00BB7F4B /* MatchesViewController.m */,
			);
			path = ViewControllers;
			sourceTree = "<group>";
		};
		3BB126E1269CD483006444E4 /* Views */ = {
			isa = PBXGroup;
			children = (
				3BCC859D269E3D540083F1F1 /* VendorLib */,
				3BCC859E269E41D60083F1F1 /* CustomDraggableView.h */,
				3BCC859F269E41D60083F1F1 /* CustomDraggableView.m */,
				3BCC85A1269E42190083F1F1 /* CustomDraggableViewBackground.h */,
				3BCC85A2269E42190083F1F1 /* CustomDraggableViewBackground.m */,
				3B2F7737269F47B900BB7F4B /* MessageCollectionViewCell.h */,
				3B2F7738269F47B900BB7F4B /* MessageCollectionViewCell.m */,
			);
			path = Views;
			sourceTree = "<group>";
		};
		3BCC8597269E03810083F1F1 /* Utility */ = {
			isa = PBXGroup;
			children = (
				3B2F7746269F7DD500BB7F4B /* CommonQueries.h */,
				3B2F7747269F7DD500BB7F4B /* CommonQueries.m */,
			);
			path = Utility;
			sourceTree = "<group>";
		};
		3BCC859D269E3D540083F1F1 /* VendorLib */ = {
			isa = PBXGroup;
			children = (
				3BB126F7269CEA6B006444E4 /* DraggableViewBackground.h */,
				3BB126F8269CEA6B006444E4 /* DraggableViewBackground.m */,
				3BB126FA269CEA7E006444E4 /* DraggableView.h */,
				3BB126FB269CEA7E006444E4 /* DraggableView.m */,
				3BB126FD269CEA8E006444E4 /* OverlayView.h */,
				3BB126FE269CEA8E006444E4 /* OverlayView.m */,
			);
			path = VendorLib;
			sourceTree = "<group>";
		};
		7D5E161615907C82CACBDF87 /* Pods */ = {
			isa = PBXGroup;
			children = (
				EFFAE2BE4A34978F6D783B07 /* Pods-fbu-project.debug.xcconfig */,
				024F8DC8150730B04A13C684 /* Pods-fbu-project.release.xcconfig */,
				4DFFBC7BA6E690BD2E32EA74 /* Pods-fbu-project-fbu-projectUITests.debug.xcconfig */,
				16CB7359656FB7EE4CBCEB8C /* Pods-fbu-project-fbu-projectUITests.release.xcconfig */,
				5201BAA0F905BCB14125320F /* Pods-fbu-projectTests.debug.xcconfig */,
				80B327F9D8CE82AEFACEDF74 /* Pods-fbu-projectTests.release.xcconfig */,
			);
			path = Pods;
			sourceTree = "<group>";
		};
		A667211F5783930463835B26 /* Frameworks */ = {
			isa = PBXGroup;
			children = (
				3B2F7732269F43C300BB7F4B /* MessageUI.framework */,
				EC0A550F289E6F8ED25062A4 /* Pods_fbu_project.framework */,
				DE775FC19EF719FF43016137 /* Pods_fbu_project_fbu_projectUITests.framework */,
				DD43F2627CFA3486FC348D61 /* Pods_fbu_projectTests.framework */,
			);
			name = Frameworks;
			sourceTree = "<group>";
		};
/* End PBXGroup section */

/* Begin PBXNativeTarget section */
		3B4BB273269CC98700E5F692 /* fbu-project */ = {
			isa = PBXNativeTarget;
			buildConfigurationList = 3B4BB2A3269CC98800E5F692 /* Build configuration list for PBXNativeTarget "fbu-project" */;
			buildPhases = (
				7F6BFCF82375B8B600F491EE /* [CP] Check Pods Manifest.lock */,
				3B4BB270269CC98700E5F692 /* Sources */,
				3B4BB271269CC98700E5F692 /* Frameworks */,
				3B4BB272269CC98700E5F692 /* Resources */,
				C1E86C0EE348F1D0679A5420 /* [CP] Embed Pods Frameworks */,
			);
			buildRules = (
			);
			dependencies = (
			);
			name = "fbu-project";
			productName = "fbu-project";
			productReference = 3B4BB274269CC98700E5F692 /* fbu-project.app */;
			productType = "com.apple.product-type.application";
		};
		3B4BB28E269CC98800E5F692 /* fbu-projectTests */ = {
			isa = PBXNativeTarget;
			buildConfigurationList = 3B4BB2A6269CC98800E5F692 /* Build configuration list for PBXNativeTarget "fbu-projectTests" */;
			buildPhases = (
				1A65421CD64876CA01E15DCF /* [CP] Check Pods Manifest.lock */,
				3B4BB28B269CC98800E5F692 /* Sources */,
				3B4BB28C269CC98800E5F692 /* Frameworks */,
				3B4BB28D269CC98800E5F692 /* Resources */,
			);
			buildRules = (
			);
			dependencies = (
				3B4BB291269CC98800E5F692 /* PBXTargetDependency */,
			);
			name = "fbu-projectTests";
			productName = "fbu-projectTests";
			productReference = 3B4BB28F269CC98800E5F692 /* fbu-projectTests.xctest */;
			productType = "com.apple.product-type.bundle.unit-test";
		};
		3B4BB299269CC98800E5F692 /* fbu-projectUITests */ = {
			isa = PBXNativeTarget;
			buildConfigurationList = 3B4BB2A9269CC98800E5F692 /* Build configuration list for PBXNativeTarget "fbu-projectUITests" */;
			buildPhases = (
				714B2CEA6F0FF6BF630C0CDE /* [CP] Check Pods Manifest.lock */,
				3B4BB296269CC98800E5F692 /* Sources */,
				3B4BB297269CC98800E5F692 /* Frameworks */,
				3B4BB298269CC98800E5F692 /* Resources */,
				CB91616744BCFB50CA0C84C3 /* [CP] Embed Pods Frameworks */,
			);
			buildRules = (
			);
			dependencies = (
				3B4BB29C269CC98800E5F692 /* PBXTargetDependency */,
			);
			name = "fbu-projectUITests";
			productName = "fbu-projectUITests";
			productReference = 3B4BB29A269CC98800E5F692 /* fbu-projectUITests.xctest */;
			productType = "com.apple.product-type.bundle.ui-testing";
		};
/* End PBXNativeTarget section */

/* Begin PBXProject section */
		3B4BB26C269CC98700E5F692 /* Project object */ = {
			isa = PBXProject;
			attributes = {
				LastUpgradeCheck = 1250;
				TargetAttributes = {
					3B4BB273269CC98700E5F692 = {
						CreatedOnToolsVersion = 12.5.1;
						LastSwiftMigration = 1250;
					};
					3B4BB28E269CC98800E5F692 = {
						CreatedOnToolsVersion = 12.5.1;
						TestTargetID = 3B4BB273269CC98700E5F692;
					};
					3B4BB299269CC98800E5F692 = {
						CreatedOnToolsVersion = 12.5.1;
						TestTargetID = 3B4BB273269CC98700E5F692;
					};
				};
			};
			buildConfigurationList = 3B4BB26F269CC98700E5F692 /* Build configuration list for PBXProject "fbu-project" */;
			compatibilityVersion = "Xcode 9.3";
			developmentRegion = en;
			hasScannedForEncodings = 0;
			knownRegions = (
				en,
				Base,
			);
			mainGroup = 3B4BB26B269CC98700E5F692;
			productRefGroup = 3B4BB275269CC98700E5F692 /* Products */;
			projectDirPath = "";
			projectRoot = "";
			targets = (
				3B4BB273269CC98700E5F692 /* fbu-project */,
				3B4BB28E269CC98800E5F692 /* fbu-projectTests */,
				3B4BB299269CC98800E5F692 /* fbu-projectUITests */,
			);
		};
/* End PBXProject section */

/* Begin PBXResourcesBuildPhase section */
		3B4BB272269CC98700E5F692 /* Resources */ = {
			isa = PBXResourcesBuildPhase;
			buildActionMask = 2147483647;
			files = (
				3BB12703269CF119006444E4 /* Keys.plist in Resources */,
				3B4BB287269CC98800E5F692 /* LaunchScreen.storyboard in Resources */,
				3B4BB284269CC98800E5F692 /* Assets.xcassets in Resources */,
				3B4BB282269CC98700E5F692 /* Main.storyboard in Resources */,
			);
			runOnlyForDeploymentPostprocessing = 0;
		};
		3B4BB28D269CC98800E5F692 /* Resources */ = {
			isa = PBXResourcesBuildPhase;
			buildActionMask = 2147483647;
			files = (
			);
			runOnlyForDeploymentPostprocessing = 0;
		};
		3B4BB298269CC98800E5F692 /* Resources */ = {
			isa = PBXResourcesBuildPhase;
			buildActionMask = 2147483647;
			files = (
			);
			runOnlyForDeploymentPostprocessing = 0;
		};
/* End PBXResourcesBuildPhase section */

/* Begin PBXShellScriptBuildPhase section */
		1A65421CD64876CA01E15DCF /* [CP] Check Pods Manifest.lock */ = {
			isa = PBXShellScriptBuildPhase;
			buildActionMask = 2147483647;
			files = (
			);
			inputFileListPaths = (
			);
			inputPaths = (
				"${PODS_PODFILE_DIR_PATH}/Podfile.lock",
				"${PODS_ROOT}/Manifest.lock",
			);
			name = "[CP] Check Pods Manifest.lock";
			outputFileListPaths = (
			);
			outputPaths = (
				"$(DERIVED_FILE_DIR)/Pods-fbu-projectTests-checkManifestLockResult.txt",
			);
			runOnlyForDeploymentPostprocessing = 0;
			shellPath = /bin/sh;
			shellScript = "diff \"${PODS_PODFILE_DIR_PATH}/Podfile.lock\" \"${PODS_ROOT}/Manifest.lock\" > /dev/null\nif [ $? != 0 ] ; then\n    # print error to STDERR\n    echo \"error: The sandbox is not in sync with the Podfile.lock. Run 'pod install' or update your CocoaPods installation.\" >&2\n    exit 1\nfi\n# This output is used by Xcode 'outputs' to avoid re-running this script phase.\necho \"SUCCESS\" > \"${SCRIPT_OUTPUT_FILE_0}\"\n";
			showEnvVarsInLog = 0;
		};
		714B2CEA6F0FF6BF630C0CDE /* [CP] Check Pods Manifest.lock */ = {
			isa = PBXShellScriptBuildPhase;
			buildActionMask = 2147483647;
			files = (
			);
			inputFileListPaths = (
			);
			inputPaths = (
				"${PODS_PODFILE_DIR_PATH}/Podfile.lock",
				"${PODS_ROOT}/Manifest.lock",
			);
			name = "[CP] Check Pods Manifest.lock";
			outputFileListPaths = (
			);
			outputPaths = (
				"$(DERIVED_FILE_DIR)/Pods-fbu-project-fbu-projectUITests-checkManifestLockResult.txt",
			);
			runOnlyForDeploymentPostprocessing = 0;
			shellPath = /bin/sh;
			shellScript = "diff \"${PODS_PODFILE_DIR_PATH}/Podfile.lock\" \"${PODS_ROOT}/Manifest.lock\" > /dev/null\nif [ $? != 0 ] ; then\n    # print error to STDERR\n    echo \"error: The sandbox is not in sync with the Podfile.lock. Run 'pod install' or update your CocoaPods installation.\" >&2\n    exit 1\nfi\n# This output is used by Xcode 'outputs' to avoid re-running this script phase.\necho \"SUCCESS\" > \"${SCRIPT_OUTPUT_FILE_0}\"\n";
			showEnvVarsInLog = 0;
		};
		7F6BFCF82375B8B600F491EE /* [CP] Check Pods Manifest.lock */ = {
			isa = PBXShellScriptBuildPhase;
			buildActionMask = 2147483647;
			files = (
			);
			inputFileListPaths = (
			);
			inputPaths = (
				"${PODS_PODFILE_DIR_PATH}/Podfile.lock",
				"${PODS_ROOT}/Manifest.lock",
			);
			name = "[CP] Check Pods Manifest.lock";
			outputFileListPaths = (
			);
			outputPaths = (
				"$(DERIVED_FILE_DIR)/Pods-fbu-project-checkManifestLockResult.txt",
			);
			runOnlyForDeploymentPostprocessing = 0;
			shellPath = /bin/sh;
			shellScript = "diff \"${PODS_PODFILE_DIR_PATH}/Podfile.lock\" \"${PODS_ROOT}/Manifest.lock\" > /dev/null\nif [ $? != 0 ] ; then\n    # print error to STDERR\n    echo \"error: The sandbox is not in sync with the Podfile.lock. Run 'pod install' or update your CocoaPods installation.\" >&2\n    exit 1\nfi\n# This output is used by Xcode 'outputs' to avoid re-running this script phase.\necho \"SUCCESS\" > \"${SCRIPT_OUTPUT_FILE_0}\"\n";
			showEnvVarsInLog = 0;
		};
		C1E86C0EE348F1D0679A5420 /* [CP] Embed Pods Frameworks */ = {
			isa = PBXShellScriptBuildPhase;
			buildActionMask = 2147483647;
			files = (
			);
			inputFileListPaths = (
				"${PODS_ROOT}/Target Support Files/Pods-fbu-project/Pods-fbu-project-frameworks-${CONFIGURATION}-input-files.xcfilelist",
			);
			name = "[CP] Embed Pods Frameworks";
			outputFileListPaths = (
				"${PODS_ROOT}/Target Support Files/Pods-fbu-project/Pods-fbu-project-frameworks-${CONFIGURATION}-output-files.xcfilelist",
			);
			runOnlyForDeploymentPostprocessing = 0;
			shellPath = /bin/sh;
			shellScript = "\"${PODS_ROOT}/Target Support Files/Pods-fbu-project/Pods-fbu-project-frameworks.sh\"\n";
			showEnvVarsInLog = 0;
		};
		CB91616744BCFB50CA0C84C3 /* [CP] Embed Pods Frameworks */ = {
			isa = PBXShellScriptBuildPhase;
			buildActionMask = 2147483647;
			files = (
			);
			inputFileListPaths = (
				"${PODS_ROOT}/Target Support Files/Pods-fbu-project-fbu-projectUITests/Pods-fbu-project-fbu-projectUITests-frameworks-${CONFIGURATION}-input-files.xcfilelist",
			);
			name = "[CP] Embed Pods Frameworks";
			outputFileListPaths = (
				"${PODS_ROOT}/Target Support Files/Pods-fbu-project-fbu-projectUITests/Pods-fbu-project-fbu-projectUITests-frameworks-${CONFIGURATION}-output-files.xcfilelist",
			);
			runOnlyForDeploymentPostprocessing = 0;
			shellPath = /bin/sh;
			shellScript = "\"${PODS_ROOT}/Target Support Files/Pods-fbu-project-fbu-projectUITests/Pods-fbu-project-fbu-projectUITests-frameworks.sh\"\n";
			showEnvVarsInLog = 0;
		};
/* End PBXShellScriptBuildPhase section */

/* Begin PBXSourcesBuildPhase section */
		3B4BB270269CC98700E5F692 /* Sources */ = {
			isa = PBXSourcesBuildPhase;
			buildActionMask = 2147483647;
			files = (
				3BB126FC269CEA7E006444E4 /* DraggableView.m in Sources */,
				3BB126F9269CEA6B006444E4 /* DraggableViewBackground.m in Sources */,
				3B2F7739269F47B900BB7F4B /* MessageCollectionViewCell.m in Sources */,
				3B2F773F269F76DB00BB7F4B /* MatchesViewController.m in Sources */,
				3B2F7736269F441600BB7F4B /* ChatViewController.m in Sources */,
				3B4BB279269CC98700E5F692 /* AppDelegate.m in Sources */,
				3BCC85A3269E42190083F1F1 /* CustomDraggableViewBackground.m in Sources */,
				3B2F7748269F7DD500BB7F4B /* CommonQueries.m in Sources */,
				3BB12709269CFD12006444E4 /* ProfileViewController.m in Sources */,
				3BB12706269CF2A4006444E4 /* AuthenticationViewController.m in Sources */,
				3B4BB28A269CC98800E5F692 /* main.m in Sources */,
				3BCC85A6269E551D0083F1F1 /* Like.m in Sources */,
				3BB126FF269CEA8E006444E4 /* OverlayView.m in Sources */,
				3B4BB27C269CC98700E5F692 /* SceneDelegate.m in Sources */,
				3BB126F6269CEA3F006444E4 /* CardsViewController.m in Sources */,
				3BB1270C269D008B006444E4 /* AudioRecorderViewController.m in Sources */,
				3BCC85A0269E41D60083F1F1 /* CustomDraggableView.m in Sources */,
				3BCC85A9269E61450083F1F1 /* UnLike.m in Sources */,
			);
			runOnlyForDeploymentPostprocessing = 0;
		};
		3B4BB28B269CC98800E5F692 /* Sources */ = {
			isa = PBXSourcesBuildPhase;
			buildActionMask = 2147483647;
			files = (
				3B4BB294269CC98800E5F692 /* fbu_projectTests.m in Sources */,
			);
			runOnlyForDeploymentPostprocessing = 0;
		};
		3B4BB296269CC98800E5F692 /* Sources */ = {
			isa = PBXSourcesBuildPhase;
			buildActionMask = 2147483647;
			files = (
				3B4BB29F269CC98800E5F692 /* fbu_projectUITests.m in Sources */,
			);
			runOnlyForDeploymentPostprocessing = 0;
		};
/* End PBXSourcesBuildPhase section */

/* Begin PBXTargetDependency section */
		3B4BB291269CC98800E5F692 /* PBXTargetDependency */ = {
			isa = PBXTargetDependency;
			target = 3B4BB273269CC98700E5F692 /* fbu-project */;
			targetProxy = 3B4BB290269CC98800E5F692 /* PBXContainerItemProxy */;
		};
		3B4BB29C269CC98800E5F692 /* PBXTargetDependency */ = {
			isa = PBXTargetDependency;
			target = 3B4BB273269CC98700E5F692 /* fbu-project */;
			targetProxy = 3B4BB29B269CC98800E5F692 /* PBXContainerItemProxy */;
		};
/* End PBXTargetDependency section */

/* Begin PBXVariantGroup section */
		3B4BB280269CC98700E5F692 /* Main.storyboard */ = {
			isa = PBXVariantGroup;
			children = (
				3B4BB281269CC98700E5F692 /* Base */,
			);
			name = Main.storyboard;
			sourceTree = "<group>";
		};
		3B4BB285269CC98800E5F692 /* LaunchScreen.storyboard */ = {
			isa = PBXVariantGroup;
			children = (
				3B4BB286269CC98800E5F692 /* Base */,
			);
			name = LaunchScreen.storyboard;
			sourceTree = "<group>";
		};
/* End PBXVariantGroup section */

/* Begin XCBuildConfiguration section */
		3B4BB2A1269CC98800E5F692 /* Debug */ = {
			isa = XCBuildConfiguration;
			buildSettings = {
				ALWAYS_SEARCH_USER_PATHS = NO;
				CLANG_ANALYZER_NONNULL = YES;
				CLANG_ANALYZER_NUMBER_OBJECT_CONVERSION = YES_AGGRESSIVE;
				CLANG_CXX_LANGUAGE_STANDARD = "gnu++14";
				CLANG_CXX_LIBRARY = "libc++";
				CLANG_ENABLE_MODULES = YES;
				CLANG_ENABLE_OBJC_ARC = YES;
				CLANG_ENABLE_OBJC_WEAK = YES;
				CLANG_WARN_BLOCK_CAPTURE_AUTORELEASING = YES;
				CLANG_WARN_BOOL_CONVERSION = YES;
				CLANG_WARN_COMMA = YES;
				CLANG_WARN_CONSTANT_CONVERSION = YES;
				CLANG_WARN_DEPRECATED_OBJC_IMPLEMENTATIONS = YES;
				CLANG_WARN_DIRECT_OBJC_ISA_USAGE = YES_ERROR;
				CLANG_WARN_DOCUMENTATION_COMMENTS = YES;
				CLANG_WARN_EMPTY_BODY = YES;
				CLANG_WARN_ENUM_CONVERSION = YES;
				CLANG_WARN_INFINITE_RECURSION = YES;
				CLANG_WARN_INT_CONVERSION = YES;
				CLANG_WARN_NON_LITERAL_NULL_CONVERSION = YES;
				CLANG_WARN_OBJC_IMPLICIT_RETAIN_SELF = YES;
				CLANG_WARN_OBJC_LITERAL_CONVERSION = YES;
				CLANG_WARN_OBJC_ROOT_CLASS = YES_ERROR;
				CLANG_WARN_QUOTED_INCLUDE_IN_FRAMEWORK_HEADER = YES;
				CLANG_WARN_RANGE_LOOP_ANALYSIS = YES;
				CLANG_WARN_STRICT_PROTOTYPES = YES;
				CLANG_WARN_SUSPICIOUS_MOVE = YES;
				CLANG_WARN_UNGUARDED_AVAILABILITY = YES_AGGRESSIVE;
				CLANG_WARN_UNREACHABLE_CODE = YES;
				CLANG_WARN__DUPLICATE_METHOD_MATCH = YES;
				COPY_PHASE_STRIP = NO;
				DEBUG_INFORMATION_FORMAT = dwarf;
				ENABLE_STRICT_OBJC_MSGSEND = YES;
				ENABLE_TESTABILITY = YES;
				GCC_C_LANGUAGE_STANDARD = gnu11;
				GCC_DYNAMIC_NO_PIC = NO;
				GCC_NO_COMMON_BLOCKS = YES;
				GCC_OPTIMIZATION_LEVEL = 0;
				GCC_PREPROCESSOR_DEFINITIONS = (
					"DEBUG=1",
					"$(inherited)",
				);
				GCC_WARN_64_TO_32_BIT_CONVERSION = YES;
				GCC_WARN_ABOUT_RETURN_TYPE = YES_ERROR;
				GCC_WARN_UNDECLARED_SELECTOR = YES;
				GCC_WARN_UNINITIALIZED_AUTOS = YES_AGGRESSIVE;
				GCC_WARN_UNUSED_FUNCTION = YES;
				GCC_WARN_UNUSED_VARIABLE = YES;
				IPHONEOS_DEPLOYMENT_TARGET = 14.5;
				MTL_ENABLE_DEBUG_INFO = INCLUDE_SOURCE;
				MTL_FAST_MATH = YES;
				ONLY_ACTIVE_ARCH = YES;
				SDKROOT = iphoneos;
			};
			name = Debug;
		};
		3B4BB2A2269CC98800E5F692 /* Release */ = {
			isa = XCBuildConfiguration;
			buildSettings = {
				ALWAYS_SEARCH_USER_PATHS = NO;
				CLANG_ANALYZER_NONNULL = YES;
				CLANG_ANALYZER_NUMBER_OBJECT_CONVERSION = YES_AGGRESSIVE;
				CLANG_CXX_LANGUAGE_STANDARD = "gnu++14";
				CLANG_CXX_LIBRARY = "libc++";
				CLANG_ENABLE_MODULES = YES;
				CLANG_ENABLE_OBJC_ARC = YES;
				CLANG_ENABLE_OBJC_WEAK = YES;
				CLANG_WARN_BLOCK_CAPTURE_AUTORELEASING = YES;
				CLANG_WARN_BOOL_CONVERSION = YES;
				CLANG_WARN_COMMA = YES;
				CLANG_WARN_CONSTANT_CONVERSION = YES;
				CLANG_WARN_DEPRECATED_OBJC_IMPLEMENTATIONS = YES;
				CLANG_WARN_DIRECT_OBJC_ISA_USAGE = YES_ERROR;
				CLANG_WARN_DOCUMENTATION_COMMENTS = YES;
				CLANG_WARN_EMPTY_BODY = YES;
				CLANG_WARN_ENUM_CONVERSION = YES;
				CLANG_WARN_INFINITE_RECURSION = YES;
				CLANG_WARN_INT_CONVERSION = YES;
				CLANG_WARN_NON_LITERAL_NULL_CONVERSION = YES;
				CLANG_WARN_OBJC_IMPLICIT_RETAIN_SELF = YES;
				CLANG_WARN_OBJC_LITERAL_CONVERSION = YES;
				CLANG_WARN_OBJC_ROOT_CLASS = YES_ERROR;
				CLANG_WARN_QUOTED_INCLUDE_IN_FRAMEWORK_HEADER = YES;
				CLANG_WARN_RANGE_LOOP_ANALYSIS = YES;
				CLANG_WARN_STRICT_PROTOTYPES = YES;
				CLANG_WARN_SUSPICIOUS_MOVE = YES;
				CLANG_WARN_UNGUARDED_AVAILABILITY = YES_AGGRESSIVE;
				CLANG_WARN_UNREACHABLE_CODE = YES;
				CLANG_WARN__DUPLICATE_METHOD_MATCH = YES;
				COPY_PHASE_STRIP = NO;
				DEBUG_INFORMATION_FORMAT = "dwarf-with-dsym";
				ENABLE_NS_ASSERTIONS = NO;
				ENABLE_STRICT_OBJC_MSGSEND = YES;
				GCC_C_LANGUAGE_STANDARD = gnu11;
				GCC_NO_COMMON_BLOCKS = YES;
				GCC_WARN_64_TO_32_BIT_CONVERSION = YES;
				GCC_WARN_ABOUT_RETURN_TYPE = YES_ERROR;
				GCC_WARN_UNDECLARED_SELECTOR = YES;
				GCC_WARN_UNINITIALIZED_AUTOS = YES_AGGRESSIVE;
				GCC_WARN_UNUSED_FUNCTION = YES;
				GCC_WARN_UNUSED_VARIABLE = YES;
				IPHONEOS_DEPLOYMENT_TARGET = 14.5;
				MTL_ENABLE_DEBUG_INFO = NO;
				MTL_FAST_MATH = YES;
				SDKROOT = iphoneos;
				VALIDATE_PRODUCT = YES;
			};
			name = Release;
		};
		3B4BB2A4269CC98800E5F692 /* Debug */ = {
			isa = XCBuildConfiguration;
			baseConfigurationReference = EFFAE2BE4A34978F6D783B07 /* Pods-fbu-project.debug.xcconfig */;
			buildSettings = {
				ASSETCATALOG_COMPILER_APPICON_NAME = AppIcon;
				ASSETCATALOG_COMPILER_GLOBAL_ACCENT_COLOR_NAME = AccentColor;
				CLANG_ENABLE_MODULES = YES;
				CODE_SIGN_STYLE = Automatic;
				DEVELOPMENT_TEAM = 86V86RYKB3;
				INFOPLIST_FILE = "fbu-project/Info.plist";
				LD_RUNPATH_SEARCH_PATHS = (
					"$(inherited)",
					"@executable_path/Frameworks",
				);
				PRODUCT_BUNDLE_IDENTIFIER = "com.rigrergl.fbu-project";
				PRODUCT_NAME = "$(TARGET_NAME)";
				SWIFT_OBJC_BRIDGING_HEADER = "fbu-project/fbu-project-Bridging-Header.h";
				SWIFT_OPTIMIZATION_LEVEL = "-Onone";
				SWIFT_VERSION = 5.0;
				TARGETED_DEVICE_FAMILY = "1,2";
			};
			name = Debug;
		};
		3B4BB2A5269CC98800E5F692 /* Release */ = {
			isa = XCBuildConfiguration;
			baseConfigurationReference = 024F8DC8150730B04A13C684 /* Pods-fbu-project.release.xcconfig */;
			buildSettings = {
				ASSETCATALOG_COMPILER_APPICON_NAME = AppIcon;
				ASSETCATALOG_COMPILER_GLOBAL_ACCENT_COLOR_NAME = AccentColor;
				CLANG_ENABLE_MODULES = YES;
				CODE_SIGN_STYLE = Automatic;
				DEVELOPMENT_TEAM = 86V86RYKB3;
				INFOPLIST_FILE = "fbu-project/Info.plist";
				LD_RUNPATH_SEARCH_PATHS = (
					"$(inherited)",
					"@executable_path/Frameworks",
				);
				PRODUCT_BUNDLE_IDENTIFIER = "com.rigrergl.fbu-project";
				PRODUCT_NAME = "$(TARGET_NAME)";
				SWIFT_OBJC_BRIDGING_HEADER = "fbu-project/fbu-project-Bridging-Header.h";
				SWIFT_VERSION = 5.0;
				TARGETED_DEVICE_FAMILY = "1,2";
			};
			name = Release;
		};
		3B4BB2A7269CC98800E5F692 /* Debug */ = {
			isa = XCBuildConfiguration;
			baseConfigurationReference = 5201BAA0F905BCB14125320F /* Pods-fbu-projectTests.debug.xcconfig */;
			buildSettings = {
				BUNDLE_LOADER = "$(TEST_HOST)";
				CODE_SIGN_STYLE = Automatic;
				DEVELOPMENT_TEAM = 86V86RYKB3;
				INFOPLIST_FILE = "fbu-projectTests/Info.plist";
				IPHONEOS_DEPLOYMENT_TARGET = 14.5;
				LD_RUNPATH_SEARCH_PATHS = (
					"$(inherited)",
					"@executable_path/Frameworks",
					"@loader_path/Frameworks",
				);
				PRODUCT_BUNDLE_IDENTIFIER = "com.rigrergl.fbu-projectTests";
				PRODUCT_NAME = "$(TARGET_NAME)";
				TARGETED_DEVICE_FAMILY = "1,2";
				TEST_HOST = "$(BUILT_PRODUCTS_DIR)/fbu-project.app/fbu-project";
			};
			name = Debug;
		};
		3B4BB2A8269CC98800E5F692 /* Release */ = {
			isa = XCBuildConfiguration;
			baseConfigurationReference = 80B327F9D8CE82AEFACEDF74 /* Pods-fbu-projectTests.release.xcconfig */;
			buildSettings = {
				BUNDLE_LOADER = "$(TEST_HOST)";
				CODE_SIGN_STYLE = Automatic;
				DEVELOPMENT_TEAM = 86V86RYKB3;
				INFOPLIST_FILE = "fbu-projectTests/Info.plist";
				IPHONEOS_DEPLOYMENT_TARGET = 14.5;
				LD_RUNPATH_SEARCH_PATHS = (
					"$(inherited)",
					"@executable_path/Frameworks",
					"@loader_path/Frameworks",
				);
				PRODUCT_BUNDLE_IDENTIFIER = "com.rigrergl.fbu-projectTests";
				PRODUCT_NAME = "$(TARGET_NAME)";
				TARGETED_DEVICE_FAMILY = "1,2";
				TEST_HOST = "$(BUILT_PRODUCTS_DIR)/fbu-project.app/fbu-project";
			};
			name = Release;
		};
		3B4BB2AA269CC98800E5F692 /* Debug */ = {
			isa = XCBuildConfiguration;
			baseConfigurationReference = 4DFFBC7BA6E690BD2E32EA74 /* Pods-fbu-project-fbu-projectUITests.debug.xcconfig */;
			buildSettings = {
				CODE_SIGN_STYLE = Automatic;
				DEVELOPMENT_TEAM = 86V86RYKB3;
				INFOPLIST_FILE = "fbu-projectUITests/Info.plist";
				LD_RUNPATH_SEARCH_PATHS = (
					"$(inherited)",
					"@executable_path/Frameworks",
					"@loader_path/Frameworks",
				);
				PRODUCT_BUNDLE_IDENTIFIER = "com.rigrergl.fbu-projectUITests";
				PRODUCT_NAME = "$(TARGET_NAME)";
				TARGETED_DEVICE_FAMILY = "1,2";
				TEST_TARGET_NAME = "fbu-project";
			};
			name = Debug;
		};
		3B4BB2AB269CC98800E5F692 /* Release */ = {
			isa = XCBuildConfiguration;
			baseConfigurationReference = 16CB7359656FB7EE4CBCEB8C /* Pods-fbu-project-fbu-projectUITests.release.xcconfig */;
			buildSettings = {
				CODE_SIGN_STYLE = Automatic;
				DEVELOPMENT_TEAM = 86V86RYKB3;
				INFOPLIST_FILE = "fbu-projectUITests/Info.plist";
				LD_RUNPATH_SEARCH_PATHS = (
					"$(inherited)",
					"@executable_path/Frameworks",
					"@loader_path/Frameworks",
				);
				PRODUCT_BUNDLE_IDENTIFIER = "com.rigrergl.fbu-projectUITests";
				PRODUCT_NAME = "$(TARGET_NAME)";
				TARGETED_DEVICE_FAMILY = "1,2";
				TEST_TARGET_NAME = "fbu-project";
			};
			name = Release;
		};
/* End XCBuildConfiguration section */

/* Begin XCConfigurationList section */
		3B4BB26F269CC98700E5F692 /* Build configuration list for PBXProject "fbu-project" */ = {
			isa = XCConfigurationList;
			buildConfigurations = (
				3B4BB2A1269CC98800E5F692 /* Debug */,
				3B4BB2A2269CC98800E5F692 /* Release */,
			);
			defaultConfigurationIsVisible = 0;
			defaultConfigurationName = Release;
		};
		3B4BB2A3269CC98800E5F692 /* Build configuration list for PBXNativeTarget "fbu-project" */ = {
			isa = XCConfigurationList;
			buildConfigurations = (
				3B4BB2A4269CC98800E5F692 /* Debug */,
				3B4BB2A5269CC98800E5F692 /* Release */,
			);
			defaultConfigurationIsVisible = 0;
			defaultConfigurationName = Release;
		};
		3B4BB2A6269CC98800E5F692 /* Build configuration list for PBXNativeTarget "fbu-projectTests" */ = {
			isa = XCConfigurationList;
			buildConfigurations = (
				3B4BB2A7269CC98800E5F692 /* Debug */,
				3B4BB2A8269CC98800E5F692 /* Release */,
			);
			defaultConfigurationIsVisible = 0;
			defaultConfigurationName = Release;
		};
		3B4BB2A9269CC98800E5F692 /* Build configuration list for PBXNativeTarget "fbu-projectUITests" */ = {
			isa = XCConfigurationList;
			buildConfigurations = (
				3B4BB2AA269CC98800E5F692 /* Debug */,
				3B4BB2AB269CC98800E5F692 /* Release */,
			);
			defaultConfigurationIsVisible = 0;
			defaultConfigurationName = Release;
		};
/* End XCConfigurationList section */
	};
	rootObject = 3B4BB26C269CC98700E5F692 /* Project object */;
}
